// !$*UTF8*$!
{
	archiveVersion = 1;
	classes = {
	};
	objectVersion = 50;
	objects = {

/* Begin PBXBuildFile section */
		C69236DB24A0AE6E00B11A98 /* AppDelegate.swift in Sources */ = {isa = PBXBuildFile; fileRef = C69236DA24A0AE6E00B11A98 /* AppDelegate.swift */; };
		C69236DD24A0AE6E00B11A98 /* SceneDelegate.swift in Sources */ = {isa = PBXBuildFile; fileRef = C69236DC24A0AE6E00B11A98 /* SceneDelegate.swift */; };
		C69236E224A0AE6E00B11A98 /* Main.storyboard in Resources */ = {isa = PBXBuildFile; fileRef = C69236E024A0AE6E00B11A98 /* Main.storyboard */; };
		C69236E424A0AE6F00B11A98 /* Assets.xcassets in Resources */ = {isa = PBXBuildFile; fileRef = C69236E324A0AE6F00B11A98 /* Assets.xcassets */; };
		C69236E724A0AE6F00B11A98 /* LaunchScreen.storyboard in Resources */ = {isa = PBXBuildFile; fileRef = C69236E524A0AE6F00B11A98 /* LaunchScreen.storyboard */; };
		C69236F224A0AE7000B11A98 /* RecipleaseTests.swift in Sources */ = {isa = PBXBuildFile; fileRef = C69236F124A0AE7000B11A98 /* RecipleaseTests.swift */; };
		C69236FD24A0AE7000B11A98 /* RecipleaseUITests.swift in Sources */ = {isa = PBXBuildFile; fileRef = C69236FC24A0AE7000B11A98 /* RecipleaseUITests.swift */; };
		C692370E24A0CF8300B11A98 /* SearchViewController.swift in Sources */ = {isa = PBXBuildFile; fileRef = C692370D24A0CF8300B11A98 /* SearchViewController.swift */; };
		C692371024A0CF8D00B11A98 /* FavoriteViewController.swift in Sources */ = {isa = PBXBuildFile; fileRef = C692370F24A0CF8D00B11A98 /* FavoriteViewController.swift */; };
		C692371224A0D0D500B11A98 /* RecipListViewController.swift in Sources */ = {isa = PBXBuildFile; fileRef = C692371124A0D0D500B11A98 /* RecipListViewController.swift */; };
		C692371424A0D20A00B11A98 /* DetailsViewController.swift in Sources */ = {isa = PBXBuildFile; fileRef = C692371324A0D20A00B11A98 /* DetailsViewController.swift */; };
		C692371624A0D21700B11A98 /* InstructionsViewController.swift in Sources */ = {isa = PBXBuildFile; fileRef = C692371524A0D21700B11A98 /* InstructionsViewController.swift */; };
		C6D4440C24A26DC3008DBEA4 /* CustomButton.swift in Sources */ = {isa = PBXBuildFile; fileRef = C6D4440B24A26DC3008DBEA4 /* CustomButton.swift */; };
		C6D4440E24A26F22008DBEA4 /* ListService.swift in Sources */ = {isa = PBXBuildFile; fileRef = C6D4440D24A26F22008DBEA4 /* ListService.swift */; };
		C6F4FB7A24A5EF2500891C6D /* ListTableViewCell.swift in Sources */ = {isa = PBXBuildFile; fileRef = C6F4FB7924A5EF2500891C6D /* ListTableViewCell.swift */; };
		C6F4FB7C24A5F6DD00891C6D /* CustomTextField.swift in Sources */ = {isa = PBXBuildFile; fileRef = C6F4FB7B24A5F6DD00891C6D /* CustomTextField.swift */; };
/* End PBXBuildFile section */

/* Begin PBXContainerItemProxy section */
		C69236EE24A0AE7000B11A98 /* PBXContainerItemProxy */ = {
			isa = PBXContainerItemProxy;
			containerPortal = C69236CF24A0AE6E00B11A98 /* Project object */;
			proxyType = 1;
			remoteGlobalIDString = C69236D624A0AE6E00B11A98;
			remoteInfo = Reciplease;
		};
		C69236F924A0AE7000B11A98 /* PBXContainerItemProxy */ = {
			isa = PBXContainerItemProxy;
			containerPortal = C69236CF24A0AE6E00B11A98 /* Project object */;
			proxyType = 1;
			remoteGlobalIDString = C69236D624A0AE6E00B11A98;
			remoteInfo = Reciplease;
		};
/* End PBXContainerItemProxy section */

/* Begin PBXFileReference section */
		C69236D724A0AE6E00B11A98 /* Reciplease.app */ = {isa = PBXFileReference; explicitFileType = wrapper.application; includeInIndex = 0; path = Reciplease.app; sourceTree = BUILT_PRODUCTS_DIR; };
		C69236DA24A0AE6E00B11A98 /* AppDelegate.swift */ = {isa = PBXFileReference; lastKnownFileType = sourcecode.swift; path = AppDelegate.swift; sourceTree = "<group>"; };
		C69236DC24A0AE6E00B11A98 /* SceneDelegate.swift */ = {isa = PBXFileReference; lastKnownFileType = sourcecode.swift; path = SceneDelegate.swift; sourceTree = "<group>"; };
		C69236E124A0AE6E00B11A98 /* Base */ = {isa = PBXFileReference; lastKnownFileType = file.storyboard; name = Base; path = Base.lproj/Main.storyboard; sourceTree = "<group>"; };
		C69236E324A0AE6F00B11A98 /* Assets.xcassets */ = {isa = PBXFileReference; lastKnownFileType = folder.assetcatalog; path = Assets.xcassets; sourceTree = "<group>"; };
		C69236E624A0AE6F00B11A98 /* Base */ = {isa = PBXFileReference; lastKnownFileType = file.storyboard; name = Base; path = Base.lproj/LaunchScreen.storyboard; sourceTree = "<group>"; };
		C69236E824A0AE6F00B11A98 /* Info.plist */ = {isa = PBXFileReference; lastKnownFileType = text.plist.xml; path = Info.plist; sourceTree = "<group>"; };
		C69236ED24A0AE7000B11A98 /* RecipleaseTests.xctest */ = {isa = PBXFileReference; explicitFileType = wrapper.cfbundle; includeInIndex = 0; path = RecipleaseTests.xctest; sourceTree = BUILT_PRODUCTS_DIR; };
		C69236F124A0AE7000B11A98 /* RecipleaseTests.swift */ = {isa = PBXFileReference; lastKnownFileType = sourcecode.swift; path = RecipleaseTests.swift; sourceTree = "<group>"; };
		C69236F324A0AE7000B11A98 /* Info.plist */ = {isa = PBXFileReference; lastKnownFileType = text.plist.xml; path = Info.plist; sourceTree = "<group>"; };
		C69236F824A0AE7000B11A98 /* RecipleaseUITests.xctest */ = {isa = PBXFileReference; explicitFileType = wrapper.cfbundle; includeInIndex = 0; path = RecipleaseUITests.xctest; sourceTree = BUILT_PRODUCTS_DIR; };
		C69236FC24A0AE7000B11A98 /* RecipleaseUITests.swift */ = {isa = PBXFileReference; lastKnownFileType = sourcecode.swift; path = RecipleaseUITests.swift; sourceTree = "<group>"; };
		C69236FE24A0AE7000B11A98 /* Info.plist */ = {isa = PBXFileReference; lastKnownFileType = text.plist.xml; path = Info.plist; sourceTree = "<group>"; };
		C692370D24A0CF8300B11A98 /* SearchViewController.swift */ = {isa = PBXFileReference; lastKnownFileType = sourcecode.swift; path = SearchViewController.swift; sourceTree = "<group>"; };
		C692370F24A0CF8D00B11A98 /* FavoriteViewController.swift */ = {isa = PBXFileReference; lastKnownFileType = sourcecode.swift; path = FavoriteViewController.swift; sourceTree = "<group>"; };
		C692371124A0D0D500B11A98 /* RecipListViewController.swift */ = {isa = PBXFileReference; lastKnownFileType = sourcecode.swift; path = RecipListViewController.swift; sourceTree = "<group>"; };
		C692371324A0D20A00B11A98 /* DetailsViewController.swift */ = {isa = PBXFileReference; lastKnownFileType = sourcecode.swift; path = DetailsViewController.swift; sourceTree = "<group>"; };
		C692371524A0D21700B11A98 /* InstructionsViewController.swift */ = {isa = PBXFileReference; lastKnownFileType = sourcecode.swift; path = InstructionsViewController.swift; sourceTree = "<group>"; };
		C6D4440B24A26DC3008DBEA4 /* CustomButton.swift */ = {isa = PBXFileReference; lastKnownFileType = sourcecode.swift; path = CustomButton.swift; sourceTree = "<group>"; };
		C6D4440D24A26F22008DBEA4 /* ListService.swift */ = {isa = PBXFileReference; lastKnownFileType = sourcecode.swift; path = ListService.swift; sourceTree = "<group>"; };
		C6F4FB7924A5EF2500891C6D /* ListTableViewCell.swift */ = {isa = PBXFileReference; lastKnownFileType = sourcecode.swift; path = ListTableViewCell.swift; sourceTree = "<group>"; };
		C6F4FB7B24A5F6DD00891C6D /* CustomTextField.swift */ = {isa = PBXFileReference; lastKnownFileType = sourcecode.swift; path = CustomTextField.swift; sourceTree = "<group>"; };
/* End PBXFileReference section */

/* Begin PBXFrameworksBuildPhase section */
		C69236D424A0AE6E00B11A98 /* Frameworks */ = {
			isa = PBXFrameworksBuildPhase;
			buildActionMask = 2147483647;
			files = (
			);
			runOnlyForDeploymentPostprocessing = 0;
		};
		C69236EA24A0AE7000B11A98 /* Frameworks */ = {
			isa = PBXFrameworksBuildPhase;
			buildActionMask = 2147483647;
			files = (
			);
			runOnlyForDeploymentPostprocessing = 0;
		};
		C69236F524A0AE7000B11A98 /* Frameworks */ = {
			isa = PBXFrameworksBuildPhase;
			buildActionMask = 2147483647;
			files = (
			);
			runOnlyForDeploymentPostprocessing = 0;
		};
/* End PBXFrameworksBuildPhase section */

/* Begin PBXGroup section */
		C69236CE24A0AE6E00B11A98 = {
			isa = PBXGroup;
			children = (
				C69236D924A0AE6E00B11A98 /* Reciplease */,
				C69236F024A0AE7000B11A98 /* RecipleaseTests */,
				C69236FB24A0AE7000B11A98 /* RecipleaseUITests */,
				C69236D824A0AE6E00B11A98 /* Products */,
			);
			sourceTree = "<group>";
		};
		C69236D824A0AE6E00B11A98 /* Products */ = {
			isa = PBXGroup;
			children = (
				C69236D724A0AE6E00B11A98 /* Reciplease.app */,
				C69236ED24A0AE7000B11A98 /* RecipleaseTests.xctest */,
				C69236F824A0AE7000B11A98 /* RecipleaseUITests.xctest */,
			);
			name = Products;
			sourceTree = "<group>";
		};
		C69236D924A0AE6E00B11A98 /* Reciplease */ = {
			isa = PBXGroup;
			children = (
				C692370C24A0CF6800B11A98 /* Model */,
				C692370B24A0CF6400B11A98 /* View */,
				C692370A24A0CF5B00B11A98 /* Controller */,
				C69236DA24A0AE6E00B11A98 /* AppDelegate.swift */,
				C69236DC24A0AE6E00B11A98 /* SceneDelegate.swift */,
				C69236E324A0AE6F00B11A98 /* Assets.xcassets */,
				C69236E524A0AE6F00B11A98 /* LaunchScreen.storyboard */,
				C69236E824A0AE6F00B11A98 /* Info.plist */,
			);
			path = Reciplease;
			sourceTree = "<group>";
		};
		C69236F024A0AE7000B11A98 /* RecipleaseTests */ = {
			isa = PBXGroup;
			children = (
				C69236F124A0AE7000B11A98 /* RecipleaseTests.swift */,
				C69236F324A0AE7000B11A98 /* Info.plist */,
			);
			path = RecipleaseTests;
			sourceTree = "<group>";
		};
		C69236FB24A0AE7000B11A98 /* RecipleaseUITests */ = {
			isa = PBXGroup;
			children = (
				C69236FC24A0AE7000B11A98 /* RecipleaseUITests.swift */,
				C69236FE24A0AE7000B11A98 /* Info.plist */,
			);
			path = RecipleaseUITests;
			sourceTree = "<group>";
		};
		C692370A24A0CF5B00B11A98 /* Controller */ = {
			isa = PBXGroup;
			children = (
				C692370D24A0CF8300B11A98 /* SearchViewController.swift */,
				C692370F24A0CF8D00B11A98 /* FavoriteViewController.swift */,
				C692371124A0D0D500B11A98 /* RecipListViewController.swift */,
				C692371324A0D20A00B11A98 /* DetailsViewController.swift */,
				C692371524A0D21700B11A98 /* InstructionsViewController.swift */,
			);
			path = Controller;
			sourceTree = "<group>";
		};
		C692370B24A0CF6400B11A98 /* View */ = {
			isa = PBXGroup;
			children = (
				C69236E024A0AE6E00B11A98 /* Main.storyboard */,
				C6D4440B24A26DC3008DBEA4 /* CustomButton.swift */,
				C6F4FB7B24A5F6DD00891C6D /* CustomTextField.swift */,
				C6F4FB7924A5EF2500891C6D /* ListTableViewCell.swift */,
			);
			path = View;
			sourceTree = "<group>";
		};
		C692370C24A0CF6800B11A98 /* Model */ = {
			isa = PBXGroup;
			children = (
				C6D4440D24A26F22008DBEA4 /* ListService.swift */,
			);
			path = Model;
			sourceTree = "<group>";
		};
/* End PBXGroup section */

/* Begin PBXNativeTarget section */
		C69236D624A0AE6E00B11A98 /* Reciplease */ = {
			isa = PBXNativeTarget;
			buildConfigurationList = C692370124A0AE7000B11A98 /* Build configuration list for PBXNativeTarget "Reciplease" */;
			buildPhases = (
				C69236D324A0AE6E00B11A98 /* Sources */,
				C69236D424A0AE6E00B11A98 /* Frameworks */,
				C69236D524A0AE6E00B11A98 /* Resources */,
				C6F4FB7D24A5F9C800891C6D /* ShellScript */,
			);
			buildRules = (
			);
			dependencies = (
			);
			name = Reciplease;
			productName = Reciplease;
			productReference = C69236D724A0AE6E00B11A98 /* Reciplease.app */;
			productType = "com.apple.product-type.application";
		};
		C69236EC24A0AE7000B11A98 /* RecipleaseTests */ = {
			isa = PBXNativeTarget;
			buildConfigurationList = C692370424A0AE7000B11A98 /* Build configuration list for PBXNativeTarget "RecipleaseTests" */;
			buildPhases = (
				C69236E924A0AE7000B11A98 /* Sources */,
				C69236EA24A0AE7000B11A98 /* Frameworks */,
				C69236EB24A0AE7000B11A98 /* Resources */,
			);
			buildRules = (
			);
			dependencies = (
				C69236EF24A0AE7000B11A98 /* PBXTargetDependency */,
			);
			name = RecipleaseTests;
			productName = RecipleaseTests;
			productReference = C69236ED24A0AE7000B11A98 /* RecipleaseTests.xctest */;
			productType = "com.apple.product-type.bundle.unit-test";
		};
		C69236F724A0AE7000B11A98 /* RecipleaseUITests */ = {
			isa = PBXNativeTarget;
			buildConfigurationList = C692370724A0AE7000B11A98 /* Build configuration list for PBXNativeTarget "RecipleaseUITests" */;
			buildPhases = (
				C69236F424A0AE7000B11A98 /* Sources */,
				C69236F524A0AE7000B11A98 /* Frameworks */,
				C69236F624A0AE7000B11A98 /* Resources */,
			);
			buildRules = (
			);
			dependencies = (
				C69236FA24A0AE7000B11A98 /* PBXTargetDependency */,
			);
			name = RecipleaseUITests;
			productName = RecipleaseUITests;
			productReference = C69236F824A0AE7000B11A98 /* RecipleaseUITests.xctest */;
			productType = "com.apple.product-type.bundle.ui-testing";
		};
/* End PBXNativeTarget section */

/* Begin PBXProject section */
		C69236CF24A0AE6E00B11A98 /* Project object */ = {
			isa = PBXProject;
			attributes = {
				LastSwiftUpdateCheck = 1150;
				LastUpgradeCheck = 1150;
				ORGANIZATIONNAME = lucasam;
				TargetAttributes = {
					C69236D624A0AE6E00B11A98 = {
						CreatedOnToolsVersion = 11.5;
					};
					C69236EC24A0AE7000B11A98 = {
						CreatedOnToolsVersion = 11.5;
						TestTargetID = C69236D624A0AE6E00B11A98;
					};
					C69236F724A0AE7000B11A98 = {
						CreatedOnToolsVersion = 11.5;
						TestTargetID = C69236D624A0AE6E00B11A98;
					};
				};
			};
			buildConfigurationList = C69236D224A0AE6E00B11A98 /* Build configuration list for PBXProject "Reciplease" */;
			compatibilityVersion = "Xcode 9.3";
			developmentRegion = en;
			hasScannedForEncodings = 0;
			knownRegions = (
				en,
				Base,
			);
			mainGroup = C69236CE24A0AE6E00B11A98;
			productRefGroup = C69236D824A0AE6E00B11A98 /* Products */;
			projectDirPath = "";
			projectRoot = "";
			targets = (
				C69236D624A0AE6E00B11A98 /* Reciplease */,
				C69236EC24A0AE7000B11A98 /* RecipleaseTests */,
				C69236F724A0AE7000B11A98 /* RecipleaseUITests */,
			);
		};
/* End PBXProject section */

/* Begin PBXResourcesBuildPhase section */
		C69236D524A0AE6E00B11A98 /* Resources */ = {
			isa = PBXResourcesBuildPhase;
			buildActionMask = 2147483647;
			files = (
				C69236E724A0AE6F00B11A98 /* LaunchScreen.storyboard in Resources */,
				C69236E424A0AE6F00B11A98 /* Assets.xcassets in Resources */,
				C69236E224A0AE6E00B11A98 /* Main.storyboard in Resources */,
			);
			runOnlyForDeploymentPostprocessing = 0;
		};
		C69236EB24A0AE7000B11A98 /* Resources */ = {
			isa = PBXResourcesBuildPhase;
			buildActionMask = 2147483647;
			files = (
			);
			runOnlyForDeploymentPostprocessing = 0;
		};
		C69236F624A0AE7000B11A98 /* Resources */ = {
			isa = PBXResourcesBuildPhase;
			buildActionMask = 2147483647;
			files = (
			);
			runOnlyForDeploymentPostprocessing = 0;
		};
/* End PBXResourcesBuildPhase section */

/* Begin PBXShellScriptBuildPhase section */
		C6F4FB7D24A5F9C800891C6D /* ShellScript */ = {
			isa = PBXShellScriptBuildPhase;
			buildActionMask = 2147483647;
			files = (
			);
			inputFileListPaths = (
			);
			inputPaths = (
			);
			outputFileListPaths = (
			);
			outputPaths = (
			);
			runOnlyForDeploymentPostprocessing = 0;
			shellPath = /bin/sh;
			shellScript = "if which swiftlint >/dev/null; then\n  swiftlint\nelse\n  echo \"warning: SwiftLint not installed, download from https://github.com/realm/SwiftLint\"\nfi\n";
		};
/* End PBXShellScriptBuildPhase section */

/* Begin PBXSourcesBuildPhase section */
		C69236D324A0AE6E00B11A98 /* Sources */ = {
			isa = PBXSourcesBuildPhase;
			buildActionMask = 2147483647;
			files = (
				C6D4440E24A26F22008DBEA4 /* ListService.swift in Sources */,
				C6F4FB7C24A5F6DD00891C6D /* CustomTextField.swift in Sources */,
				C692370E24A0CF8300B11A98 /* SearchViewController.swift in Sources */,
				C69236DB24A0AE6E00B11A98 /* AppDelegate.swift in Sources */,
				C692371224A0D0D500B11A98 /* RecipListViewController.swift in Sources */,
				C692371024A0CF8D00B11A98 /* FavoriteViewController.swift in Sources */,
				C6D4440C24A26DC3008DBEA4 /* CustomButton.swift in Sources */,
				C69236DD24A0AE6E00B11A98 /* SceneDelegate.swift in Sources */,
				C692371624A0D21700B11A98 /* InstructionsViewController.swift in Sources */,
				C692371424A0D20A00B11A98 /* DetailsViewController.swift in Sources */,
				C6F4FB7A24A5EF2500891C6D /* ListTableViewCell.swift in Sources */,
			);
			runOnlyForDeploymentPostprocessing = 0;
		};
		C69236E924A0AE7000B11A98 /* Sources */ = {
			isa = PBXSourcesBuildPhase;
			buildActionMask = 2147483647;
			files = (
				C69236F224A0AE7000B11A98 /* RecipleaseTests.swift in Sources */,
			);
			runOnlyForDeploymentPostprocessing = 0;
		};
		C69236F424A0AE7000B11A98 /* Sources */ = {
			isa = PBXSourcesBuildPhase;
			buildActionMask = 2147483647;
			files = (
				C69236FD24A0AE7000B11A98 /* RecipleaseUITests.swift in Sources */,
			);
			runOnlyForDeploymentPostprocessing = 0;
		};
/* End PBXSourcesBuildPhase section */

/* Begin PBXTargetDependency section */
		C69236EF24A0AE7000B11A98 /* PBXTargetDependency */ = {
			isa = PBXTargetDependency;
			target = C69236D624A0AE6E00B11A98 /* Reciplease */;
			targetProxy = C69236EE24A0AE7000B11A98 /* PBXContainerItemProxy */;
		};
		C69236FA24A0AE7000B11A98 /* PBXTargetDependency */ = {
			isa = PBXTargetDependency;
			target = C69236D624A0AE6E00B11A98 /* Reciplease */;
			targetProxy = C69236F924A0AE7000B11A98 /* PBXContainerItemProxy */;
		};
/* End PBXTargetDependency section */

/* Begin PBXVariantGroup section */
		C69236E024A0AE6E00B11A98 /* Main.storyboard */ = {
			isa = PBXVariantGroup;
			children = (
				C69236E124A0AE6E00B11A98 /* Base */,
			);
			name = Main.storyboard;
			sourceTree = "<group>";
		};
		C69236E524A0AE6F00B11A98 /* LaunchScreen.storyboard */ = {
			isa = PBXVariantGroup;
			children = (
				C69236E624A0AE6F00B11A98 /* Base */,
			);
			name = LaunchScreen.storyboard;
			sourceTree = "<group>";
		};
/* End PBXVariantGroup section */

/* Begin XCBuildConfiguration section */
		C69236FF24A0AE7000B11A98 /* Debug */ = {
			isa = XCBuildConfiguration;
			buildSettings = {
				ALWAYS_SEARCH_USER_PATHS = NO;
				CLANG_ANALYZER_NONNULL = YES;
				CLANG_ANALYZER_NUMBER_OBJECT_CONVERSION = YES_AGGRESSIVE;
				CLANG_CXX_LANGUAGE_STANDARD = "gnu++14";
				CLANG_CXX_LIBRARY = "libc++";
				CLANG_ENABLE_MODULES = YES;
				CLANG_ENABLE_OBJC_ARC = YES;
				CLANG_ENABLE_OBJC_WEAK = YES;
				CLANG_WARN_BLOCK_CAPTURE_AUTORELEASING = YES;
				CLANG_WARN_BOOL_CONVERSION = YES;
				CLANG_WARN_COMMA = YES;
				CLANG_WARN_CONSTANT_CONVERSION = YES;
				CLANG_WARN_DEPRECATED_OBJC_IMPLEMENTATIONS = YES;
				CLANG_WARN_DIRECT_OBJC_ISA_USAGE = YES_ERROR;
				CLANG_WARN_DOCUMENTATION_COMMENTS = YES;
				CLANG_WARN_EMPTY_BODY = YES;
				CLANG_WARN_ENUM_CONVERSION = YES;
				CLANG_WARN_INFINITE_RECURSION = YES;
				CLANG_WARN_INT_CONVERSION = YES;
				CLANG_WARN_NON_LITERAL_NULL_CONVERSION = YES;
				CLANG_WARN_OBJC_IMPLICIT_RETAIN_SELF = YES;
				CLANG_WARN_OBJC_LITERAL_CONVERSION = YES;
				CLANG_WARN_OBJC_ROOT_CLASS = YES_ERROR;
				CLANG_WARN_RANGE_LOOP_ANALYSIS = YES;
				CLANG_WARN_STRICT_PROTOTYPES = YES;
				CLANG_WARN_SUSPICIOUS_MOVE = YES;
				CLANG_WARN_UNGUARDED_AVAILABILITY = YES_AGGRESSIVE;
				CLANG_WARN_UNREACHABLE_CODE = YES;
				CLANG_WARN__DUPLICATE_METHOD_MATCH = YES;
				COPY_PHASE_STRIP = NO;
				DEBUG_INFORMATION_FORMAT = dwarf;
				ENABLE_STRICT_OBJC_MSGSEND = YES;
				ENABLE_TESTABILITY = YES;
				GCC_C_LANGUAGE_STANDARD = gnu11;
				GCC_DYNAMIC_NO_PIC = NO;
				GCC_NO_COMMON_BLOCKS = YES;
				GCC_OPTIMIZATION_LEVEL = 0;
				GCC_PREPROCESSOR_DEFINITIONS = (
					"DEBUG=1",
					"$(inherited)",
				);
				GCC_WARN_64_TO_32_BIT_CONVERSION = YES;
				GCC_WARN_ABOUT_RETURN_TYPE = YES_ERROR;
				GCC_WARN_UNDECLARED_SELECTOR = YES;
				GCC_WARN_UNINITIALIZED_AUTOS = YES_AGGRESSIVE;
				GCC_WARN_UNUSED_FUNCTION = YES;
				GCC_WARN_UNUSED_VARIABLE = YES;
				IPHONEOS_DEPLOYMENT_TARGET = 13.5;
				MTL_ENABLE_DEBUG_INFO = INCLUDE_SOURCE;
				MTL_FAST_MATH = YES;
				ONLY_ACTIVE_ARCH = YES;
				SDKROOT = iphoneos;
				SWIFT_ACTIVE_COMPILATION_CONDITIONS = DEBUG;
				SWIFT_OPTIMIZATION_LEVEL = "-Onone";
			};
			name = Debug;
		};
		C692370024A0AE7000B11A98 /* Release */ = {
			isa = XCBuildConfiguration;
			buildSettings = {
				ALWAYS_SEARCH_USER_PATHS = NO;
				CLANG_ANALYZER_NONNULL = YES;
				CLANG_ANALYZER_NUMBER_OBJECT_CONVERSION = YES_AGGRESSIVE;
				CLANG_CXX_LANGUAGE_STANDARD = "gnu++14";
				CLANG_CXX_LIBRARY = "libc++";
				CLANG_ENABLE_MODULES = YES;
				CLANG_ENABLE_OBJC_ARC = YES;
				CLANG_ENABLE_OBJC_WEAK = YES;
				CLANG_WARN_BLOCK_CAPTURE_AUTORELEASING = YES;
				CLANG_WARN_BOOL_CONVERSION = YES;
				CLANG_WARN_COMMA = YES;
				CLANG_WARN_CONSTANT_CONVERSION = YES;
				CLANG_WARN_DEPRECATED_OBJC_IMPLEMENTATIONS = YES;
				CLANG_WARN_DIRECT_OBJC_ISA_USAGE = YES_ERROR;
				CLANG_WARN_DOCUMENTATION_COMMENTS = YES;
				CLANG_WARN_EMPTY_BODY = YES;
				CLANG_WARN_ENUM_CONVERSION = YES;
				CLANG_WARN_INFINITE_RECURSION = YES;
				CLANG_WARN_INT_CONVERSION = YES;
				CLANG_WARN_NON_LITERAL_NULL_CONVERSION = YES;
				CLANG_WARN_OBJC_IMPLICIT_RETAIN_SELF = YES;
				CLANG_WARN_OBJC_LITERAL_CONVERSION = YES;
				CLANG_WARN_OBJC_ROOT_CLASS = YES_ERROR;
				CLANG_WARN_RANGE_LOOP_ANALYSIS = YES;
				CLANG_WARN_STRICT_PROTOTYPES = YES;
				CLANG_WARN_SUSPICIOUS_MOVE = YES;
				CLANG_WARN_UNGUARDED_AVAILABILITY = YES_AGGRESSIVE;
				CLANG_WARN_UNREACHABLE_CODE = YES;
				CLANG_WARN__DUPLICATE_METHOD_MATCH = YES;
				COPY_PHASE_STRIP = NO;
				DEBUG_INFORMATION_FORMAT = "dwarf-with-dsym";
				ENABLE_NS_ASSERTIONS = NO;
				ENABLE_STRICT_OBJC_MSGSEND = YES;
				GCC_C_LANGUAGE_STANDARD = gnu11;
				GCC_NO_COMMON_BLOCKS = YES;
				GCC_WARN_64_TO_32_BIT_CONVERSION = YES;
				GCC_WARN_ABOUT_RETURN_TYPE = YES_ERROR;
				GCC_WARN_UNDECLARED_SELECTOR = YES;
				GCC_WARN_UNINITIALIZED_AUTOS = YES_AGGRESSIVE;
				GCC_WARN_UNUSED_FUNCTION = YES;
				GCC_WARN_UNUSED_VARIABLE = YES;
				IPHONEOS_DEPLOYMENT_TARGET = 13.5;
				MTL_ENABLE_DEBUG_INFO = NO;
				MTL_FAST_MATH = YES;
				SDKROOT = iphoneos;
				SWIFT_COMPILATION_MODE = wholemodule;
				SWIFT_OPTIMIZATION_LEVEL = "-O";
				VALIDATE_PRODUCT = YES;
			};
			name = Release;
		};
		C692370224A0AE7000B11A98 /* Debug */ = {
			isa = XCBuildConfiguration;
			buildSettings = {
				ASSETCATALOG_COMPILER_APPICON_NAME = AppIcon;
				CODE_SIGN_STYLE = Automatic;
				DEVELOPMENT_TEAM = 8LW7CGBRD9;
				INFOPLIST_FILE = Reciplease/Info.plist;
				LD_RUNPATH_SEARCH_PATHS = (
					"$(inherited)",
					"@executable_path/Frameworks",
				);
				PRODUCT_BUNDLE_IDENTIFIER = lucasam.Reciplease;
				PRODUCT_NAME = "$(TARGET_NAME)";
				SWIFT_VERSION = 5.0;
				TARGETED_DEVICE_FAMILY = "1,2";
			};
			name = Debug;
		};
		C692370324A0AE7000B11A98 /* Release */ = {
			isa = XCBuildConfiguration;
			buildSettings = {
				ASSETCATALOG_COMPILER_APPICON_NAME = AppIcon;
				CODE_SIGN_STYLE = Automatic;
				DEVELOPMENT_TEAM = 8LW7CGBRD9;
				INFOPLIST_FILE = Reciplease/Info.plist;
				LD_RUNPATH_SEARCH_PATHS = (
					"$(inherited)",
					"@executable_path/Frameworks",
				);
				PRODUCT_BUNDLE_IDENTIFIER = lucasam.Reciplease;
				PRODUCT_NAME = "$(TARGET_NAME)";
				SWIFT_VERSION = 5.0;
				TARGETED_DEVICE_FAMILY = "1,2";
			};
			name = Release;
		};
		C692370524A0AE7000B11A98 /* Debug */ = {
			isa = XCBuildConfiguration;
			buildSettings = {
				ALWAYS_EMBED_SWIFT_STANDARD_LIBRARIES = YES;
				BUNDLE_LOADER = "$(TEST_HOST)";
				CODE_SIGN_STYLE = Automatic;
				DEVELOPMENT_TEAM = 8LW7CGBRD9;
				INFOPLIST_FILE = RecipleaseTests/Info.plist;
				IPHONEOS_DEPLOYMENT_TARGET = 13.5;
				LD_RUNPATH_SEARCH_PATHS = (
					"$(inherited)",
					"@executable_path/Frameworks",
					"@loader_path/Frameworks",
				);
				PRODUCT_BUNDLE_IDENTIFIER = lucasam.RecipleaseTests;
				PRODUCT_NAME = "$(TARGET_NAME)";
				SWIFT_VERSION = 5.0;
				TARGETED_DEVICE_FAMILY = "1,2";
				TEST_HOST = "$(BUILT_PRODUCTS_DIR)/Reciplease.app/Reciplease";
			};
			name = Debug;
		};
		C692370624A0AE7000B11A98 /* Release */ = {
			isa = XCBuildConfiguration;
			buildSettings = {
				ALWAYS_EMBED_SWIFT_STANDARD_LIBRARIES = YES;
				BUNDLE_LOADER = "$(TEST_HOST)";
				CODE_SIGN_STYLE = Automatic;
				DEVELOPMENT_TEAM = 8LW7CGBRD9;
				INFOPLIST_FILE = RecipleaseTests/Info.plist;
				IPHONEOS_DEPLOYMENT_TARGET = 13.5;
				LD_RUNPATH_SEARCH_PATHS = (
					"$(inherited)",
					"@executable_path/Frameworks",
					"@loader_path/Frameworks",
				);
				PRODUCT_BUNDLE_IDENTIFIER = lucasam.RecipleaseTests;
				PRODUCT_NAME = "$(TARGET_NAME)";
				SWIFT_VERSION = 5.0;
				TARGETED_DEVICE_FAMILY = "1,2";
				TEST_HOST = "$(BUILT_PRODUCTS_DIR)/Reciplease.app/Reciplease";
			};
			name = Release;
		};
		C692370824A0AE7000B11A98 /* Debug */ = {
			isa = XCBuildConfiguration;
			buildSettings = {
				ALWAYS_EMBED_SWIFT_STANDARD_LIBRARIES = YES;
				CODE_SIGN_STYLE = Automatic;
				DEVELOPMENT_TEAM = 8LW7CGBRD9;
				INFOPLIST_FILE = RecipleaseUITests/Info.plist;
				LD_RUNPATH_SEARCH_PATHS = (
					"$(inherited)",
					"@executable_path/Frameworks",
					"@loader_path/Frameworks",
				);
				PRODUCT_BUNDLE_IDENTIFIER = lucasam.RecipleaseUITests;
				PRODUCT_NAME = "$(TARGET_NAME)";
				SWIFT_VERSION = 5.0;
				TARGETED_DEVICE_FAMILY = "1,2";
				TEST_TARGET_NAME = Reciplease;
			};
			name = Debug;
		};
		C692370924A0AE7000B11A98 /* Release */ = {
			isa = XCBuildConfiguration;
			buildSettings = {
				ALWAYS_EMBED_SWIFT_STANDARD_LIBRARIES = YES;
				CODE_SIGN_STYLE = Automatic;
				DEVELOPMENT_TEAM = 8LW7CGBRD9;
				INFOPLIST_FILE = RecipleaseUITests/Info.plist;
				LD_RUNPATH_SEARCH_PATHS = (
					"$(inherited)",
					"@executable_path/Frameworks",
					"@loader_path/Frameworks",
				);
				PRODUCT_BUNDLE_IDENTIFIER = lucasam.RecipleaseUITests;
				PRODUCT_NAME = "$(TARGET_NAME)";
				SWIFT_VERSION = 5.0;
				TARGETED_DEVICE_FAMILY = "1,2";
				TEST_TARGET_NAME = Reciplease;
			};
			name = Release;
		};
/* End XCBuildConfiguration section */

/* Begin XCConfigurationList section */
		C69236D224A0AE6E00B11A98 /* Build configuration list for PBXProject "Reciplease" */ = {
			isa = XCConfigurationList;
			buildConfigurations = (
				C69236FF24A0AE7000B11A98 /* Debug */,
				C692370024A0AE7000B11A98 /* Release */,
			);
			defaultConfigurationIsVisible = 0;
			defaultConfigurationName = Release;
		};
		C692370124A0AE7000B11A98 /* Build configuration list for PBXNativeTarget "Reciplease" */ = {
			isa = XCConfigurationList;
			buildConfigurations = (
				C692370224A0AE7000B11A98 /* Debug */,
				C692370324A0AE7000B11A98 /* Release */,
			);
			defaultConfigurationIsVisible = 0;
			defaultConfigurationName = Release;
		};
		C692370424A0AE7000B11A98 /* Build configuration list for PBXNativeTarget "RecipleaseTests" */ = {
			isa = XCConfigurationList;
			buildConfigurations = (
				C692370524A0AE7000B11A98 /* Debug */,
				C692370624A0AE7000B11A98 /* Release */,
			);
			defaultConfigurationIsVisible = 0;
			defaultConfigurationName = Release;
		};
		C692370724A0AE7000B11A98 /* Build configuration list for PBXNativeTarget "RecipleaseUITests" */ = {
			isa = XCConfigurationList;
			buildConfigurations = (
				C692370824A0AE7000B11A98 /* Debug */,
				C692370924A0AE7000B11A98 /* Release */,
			);
			defaultConfigurationIsVisible = 0;
			defaultConfigurationName = Release;
		};
/* End XCConfigurationList section */
	};
	rootObject = C69236CF24A0AE6E00B11A98 /* Project object */;
}
